{
  "lockfileVersion": 1,
  "workspaces": {
    "": {
      "dependencies": {
        "daisyui": "^5.0.43",
        "tailwindcss": "^4.1.11",
      },
    },
  },
  "packages": {
    "daisyui": ["daisyui@5.0.43", "", {}, "sha512-2pshHJ73vetSpsbAyaOncGnNYL0mwvgseS1EWy1I9Qpw8D11OuBoDNIWrPIME4UFcq2xuff3A9x+eXbuFR9fUQ=="],

    "tailwindcss": ["tailwindcss@4.1.11", "", {}, "sha512-2E9TBm6MDD/xKYe+dvJZAmg3yxIEDNRc0jwlNyDg/4Fil2QcSLjFKGVff0lAf1jjeaArlG/M75Ey/EYr/OJtBA=="],
  }
}
